
Microsoft Visual Studio Solution File, Format Version 12.00
# Visual Studio Version 17
VisualStudioVersion = 17.0.31903.59
MinimumVisualStudioVersion = 10.0.40219.1
Project("{2150E333-8FDC-42A3-9474-1A3956D46DE8}") = "src", "src", "{2BE25C38-CAE0-4495-810B-5BB14024C824}"
EndProject
Project("{2150E333-8FDC-42A3-9474-1A3956D46DE8}") = "employees", "employees", "{540A6741-D41D-4C39-963A-CF618D38B351}"
	ProjectSection(SolutionItems) = preProject
		src\employees\Dockerfile = src\employees\Dockerfile
	EndProjectSection
EndProject
Project("{FAE04EC0-301F-11D3-BF4B-00C04F79EFBC}") = "chronos.employees.core", "src\employees\chronos.employees.core\chronos.employees.core.csproj", "{3D5869CB-0E23-40EB-A83E-2B84BE7E9889}"
EndProject
Project("{FAE04EC0-301F-11D3-BF4B-00C04F79EFBC}") = "chronos.employees.api", "src\employees\chronos.employees.api\chronos.employees.api.csproj", "{DE0DB8FB-9680-4F53-9668-0E83F54F42B0}"
EndProject
Project("{2150E333-8FDC-42A3-9474-1A3956D46DE8}") = "time-loggers", "time-loggers", "{EB493115-3D4B-4E93-8F71-C4D6309239FF}"
	ProjectSection(SolutionItems) = preProject
		src\time-loggers\Dockerfile = src\time-loggers\Dockerfile
	EndProjectSection
EndProject
Project("{FAE04EC0-301F-11D3-BF4B-00C04F79EFBC}") = "chronos.time-loggers.core", "src\time-loggers\chronos.time-loggers.core\chronos.time-loggers.core.csproj", "{5928BDFA-315F-452C-B8C1-6218EE0F57A2}"
EndProject
Project("{FAE04EC0-301F-11D3-BF4B-00C04F79EFBC}") = "chronos.time-loggers.api", "src\time-loggers\chronos.time-loggers.api\chronos.time-loggers.api.csproj", "{B2D3C33E-6EEE-43A4-939C-6871ADA9EB7E}"
EndProject
Project("{2150E333-8FDC-42A3-9474-1A3956D46DE8}") = "time-reports", "time-reports", "{F988CFA9-EE81-4C20-AE6A-AC9B69CAEEA7}"
EndProject
Project("{FAE04EC0-301F-11D3-BF4B-00C04F79EFBC}") = "chronos.time-reports.core", "src\time-reports\chronos.time-reports.core\chronos.time-reports.core.csproj", "{AF094718-C224-435D-A438-D3999060803E}"
EndProject
Project("{FAE04EC0-301F-11D3-BF4B-00C04F79EFBC}") = "chronos.time-reports.api", "src\time-reports\chronos.time-reports.api\chronos.time-reports.api.csproj", "{62F73438-F5B6-4DB0-93AF-C9C8B15A8B85}"
EndProject
Project("{2150E333-8FDC-42A3-9474-1A3956D46DE8}") = "notifications", "notifications", "{26F03DA1-6329-401B-BC5E-23A4E68DD08C}"
	ProjectSection(SolutionItems) = preProject
		src\notifications\Dockerfile = src\notifications\Dockerfile
	EndProjectSection
EndProject
Project("{FAE04EC0-301F-11D3-BF4B-00C04F79EFBC}") = "chronos.notifications.core", "src\notifications\chronos.notifications.core\chronos.notifications.core.csproj", "{5D950A53-9803-460C-9576-D90AAB7182E3}"
EndProject
Project("{FAE04EC0-301F-11D3-BF4B-00C04F79EFBC}") = "chronos.notifications.api", "src\notifications\chronos.notifications.api\chronos.notifications.api.csproj", "{529022C1-9C08-4FAB-BB12-9A65F964B571}"
EndProject
Project("{2150E333-8FDC-42A3-9474-1A3956D46DE8}") = "shared", "shared", "{7A467E41-8532-408F-923E-432F470C44EB}"
EndProject
Project("{FAE04EC0-301F-11D3-BF4B-00C04F79EFBC}") = "chronos.shared.configuration", "src\shared\chronos.shared.configuration\chronos.shared.configuration.csproj", "{481ADC19-1131-46B8-A441-3FE2FD0C67F0}"
EndProject
Project("{FAE04EC0-301F-11D3-BF4B-00C04F79EFBC}") = "chronos.shared.messaging", "src\shared\chronos.shared.messaging\chronos.shared.messaging.csproj", "{8A40D671-56E9-4C8B-B0C3-F41F4BA6F7BE}"
EndProject
Project("{FAE04EC0-301F-11D3-BF4B-00C04F79EFBC}") = "chronos.shared.identity-context", "src\shared\chronos.shared.identity-context\chronos.shared.identity-context.csproj", "{6235071B-B1BF-4115-B434-38A7B0F74968}"
EndProject
Project("{FAE04EC0-301F-11D3-BF4B-00C04F79EFBC}") = "chronos.shared.messaging.rabbit-mq", "src\shared\chronos.shared.messaging.rabbit-mq\chronos.shared.messaging.rabbit-mq.csproj", "{B1317DB0-1C3F-4319-866D-22A4B1AD002B}"
EndProject
Project("{FAE04EC0-301F-11D3-BF4B-00C04F79EFBC}") = "chronos.shared.exceptions", "src\shared\chronos.shared.exceptions\chronos.shared.exceptions.csproj", "{3B3B37B1-9C4D-4053-9FEB-46F3CE1BBD3F}"
EndProject
Project("{2150E333-8FDC-42A3-9474-1A3956D46DE8}") = "ui", "ui", "{AF0CC2E6-171F-6D06-D3B7-11D252CFB402}"
EndProject
Project("{FAE04EC0-301F-11D3-BF4B-00C04F79EFBC}") = "chronos.ui", "src\ui\chronos.ui\chronos.ui.csproj", "{B10ED0A6-9DB3-4C9F-8C96-7A169621A898}"
EndProject
Project("{2150E333-8FDC-42A3-9474-1A3956D46DE8}") = "reverse-proxy", "reverse-proxy", "{73B6EAB2-4D24-A47F-641B-BE2A30E0496E}"
EndProject
Project("{FAE04EC0-301F-11D3-BF4B-00C04F79EFBC}") = "chronos.reverse-proxy", "src\reverse-proxy\chronos.reverse-proxy\chronos.reverse-proxy.csproj", "{F562E329-381E-4AD8-A8F0-6B5E625B99A7}"
EndProject
Project("{2150E333-8FDC-42A3-9474-1A3956D46DE8}") = "jobs", "jobs", "{3BB438E9-0122-4C74-BA1F-A2584B9DEA92}"
EndProject
Project("{FAE04EC0-301F-11D3-BF4B-00C04F79EFBC}") = "chronos.jobs.synchronizer", "src\jobs\chronos.jobs.synchronizer\chronos.jobs.synchronizer.csproj", "{1C679CDB-134F-410E-B790-9B3DF564DCD1}"
EndProject
Project("{2150E333-8FDC-42A3-9474-1A3956D46DE8}") = "contracts", "contracts", "{4ADE4FCB-FCAC-44B3-BF5E-0631D4AFB16F}"
EndProject
Project("{FAE04EC0-301F-11D3-BF4B-00C04F79EFBC}") = "chronos.contracts.core", "src\contracts\chronos.contracts.core\chronos.contracts.core.csproj", "{4C1596D4-9E60-4085-A769-D96242D1D3C6}"
EndProject
Project("{FAE04EC0-301F-11D3-BF4B-00C04F79EFBC}") = "chronos.shared.kernel", "src\shared\chronos.shared.kernel\chronos.shared.kernel.csproj", "{F71DF9E6-21BA-44D6-93D2-8393D1E1E663}"
EndProject
Project("{2150E333-8FDC-42A3-9474-1A3956D46DE8}") = "tests", "tests", "{21666B80-203B-4CDB-B508-846741124FC1}"
EndProject
Project("{2150E333-8FDC-42A3-9474-1A3956D46DE8}") = "contracts", "contracts", "{B397060B-732A-4813-9BD6-59DAFEE01F2B}"
EndProject
Project("{FAE04EC0-301F-11D3-BF4B-00C04F79EFBC}") = "chronos.contracts.core.tests", "tests\contracts\chronos.contracts.core.tests\chronos.contracts.core.tests.csproj", "{5D88C289-91AA-445D-B5B2-8CC5C2AEDB1D}"
EndProject
Project("{2150E333-8FDC-42A3-9474-1A3956D46DE8}") = "shared", "shared", "{A0987416-D498-4F3E-B753-74597522A047}"
EndProject
Project("{FAE04EC0-301F-11D3-BF4B-00C04F79EFBC}") = "chronos.tests.shared", "tests\shared\chronos.tests.shared\chronos.tests.shared.csproj", "{5177567D-6339-4B5B-92FD-77EE08B3F757}"
EndProject
Global
	GlobalSection(SolutionConfigurationPlatforms) = preSolution
		Debug|Any CPU = Debug|Any CPU
		Debug|x64 = Debug|x64
		Debug|x86 = Debug|x86
		Release|Any CPU = Release|Any CPU
		Release|x64 = Release|x64
		Release|x86 = Release|x86
	EndGlobalSection
	GlobalSection(ProjectConfigurationPlatforms) = postSolution
		{3D5869CB-0E23-40EB-A83E-2B84BE7E9889}.Debug|Any CPU.ActiveCfg = Debug|Any CPU
		{3D5869CB-0E23-40EB-A83E-2B84BE7E9889}.Debug|Any CPU.Build.0 = Debug|Any CPU
		{3D5869CB-0E23-40EB-A83E-2B84BE7E9889}.Debug|x64.ActiveCfg = Debug|Any CPU
		{3D5869CB-0E23-40EB-A83E-2B84BE7E9889}.Debug|x64.Build.0 = Debug|Any CPU
		{3D5869CB-0E23-40EB-A83E-2B84BE7E9889}.Debug|x86.ActiveCfg = Debug|Any CPU
		{3D5869CB-0E23-40EB-A83E-2B84BE7E9889}.Debug|x86.Build.0 = Debug|Any CPU
		{3D5869CB-0E23-40EB-A83E-2B84BE7E9889}.Release|Any CPU.ActiveCfg = Release|Any CPU
		{3D5869CB-0E23-40EB-A83E-2B84BE7E9889}.Release|Any CPU.Build.0 = Release|Any CPU
		{3D5869CB-0E23-40EB-A83E-2B84BE7E9889}.Release|x64.ActiveCfg = Release|Any CPU
		{3D5869CB-0E23-40EB-A83E-2B84BE7E9889}.Release|x64.Build.0 = Release|Any CPU
		{3D5869CB-0E23-40EB-A83E-2B84BE7E9889}.Release|x86.ActiveCfg = Release|Any CPU
		{3D5869CB-0E23-40EB-A83E-2B84BE7E9889}.Release|x86.Build.0 = Release|Any CPU
		{DE0DB8FB-9680-4F53-9668-0E83F54F42B0}.Debug|Any CPU.ActiveCfg = Debug|Any CPU
		{DE0DB8FB-9680-4F53-9668-0E83F54F42B0}.Debug|Any CPU.Build.0 = Debug|Any CPU
		{DE0DB8FB-9680-4F53-9668-0E83F54F42B0}.Debug|x64.ActiveCfg = Debug|Any CPU
		{DE0DB8FB-9680-4F53-9668-0E83F54F42B0}.Debug|x64.Build.0 = Debug|Any CPU
		{DE0DB8FB-9680-4F53-9668-0E83F54F42B0}.Debug|x86.ActiveCfg = Debug|Any CPU
		{DE0DB8FB-9680-4F53-9668-0E83F54F42B0}.Debug|x86.Build.0 = Debug|Any CPU
		{DE0DB8FB-9680-4F53-9668-0E83F54F42B0}.Release|Any CPU.ActiveCfg = Release|Any CPU
		{DE0DB8FB-9680-4F53-9668-0E83F54F42B0}.Release|Any CPU.Build.0 = Release|Any CPU
		{DE0DB8FB-9680-4F53-9668-0E83F54F42B0}.Release|x64.ActiveCfg = Release|Any CPU
		{DE0DB8FB-9680-4F53-9668-0E83F54F42B0}.Release|x64.Build.0 = Release|Any CPU
		{DE0DB8FB-9680-4F53-9668-0E83F54F42B0}.Release|x86.ActiveCfg = Release|Any CPU
		{DE0DB8FB-9680-4F53-9668-0E83F54F42B0}.Release|x86.Build.0 = Release|Any CPU
		{5928BDFA-315F-452C-B8C1-6218EE0F57A2}.Debug|Any CPU.ActiveCfg = Debug|Any CPU
		{5928BDFA-315F-452C-B8C1-6218EE0F57A2}.Debug|Any CPU.Build.0 = Debug|Any CPU
		{5928BDFA-315F-452C-B8C1-6218EE0F57A2}.Debug|x64.ActiveCfg = Debug|Any CPU
		{5928BDFA-315F-452C-B8C1-6218EE0F57A2}.Debug|x64.Build.0 = Debug|Any CPU
		{5928BDFA-315F-452C-B8C1-6218EE0F57A2}.Debug|x86.ActiveCfg = Debug|Any CPU
		{5928BDFA-315F-452C-B8C1-6218EE0F57A2}.Debug|x86.Build.0 = Debug|Any CPU
		{5928BDFA-315F-452C-B8C1-6218EE0F57A2}.Release|Any CPU.ActiveCfg = Release|Any CPU
		{5928BDFA-315F-452C-B8C1-6218EE0F57A2}.Release|Any CPU.Build.0 = Release|Any CPU
		{5928BDFA-315F-452C-B8C1-6218EE0F57A2}.Release|x64.ActiveCfg = Release|Any CPU
		{5928BDFA-315F-452C-B8C1-6218EE0F57A2}.Release|x64.Build.0 = Release|Any CPU
		{5928BDFA-315F-452C-B8C1-6218EE0F57A2}.Release|x86.ActiveCfg = Release|Any CPU
		{5928BDFA-315F-452C-B8C1-6218EE0F57A2}.Release|x86.Build.0 = Release|Any CPU
		{B2D3C33E-6EEE-43A4-939C-6871ADA9EB7E}.Debug|Any CPU.ActiveCfg = Debug|Any CPU
		{B2D3C33E-6EEE-43A4-939C-6871ADA9EB7E}.Debug|Any CPU.Build.0 = Debug|Any CPU
		{B2D3C33E-6EEE-43A4-939C-6871ADA9EB7E}.Debug|x64.ActiveCfg = Debug|Any CPU
		{B2D3C33E-6EEE-43A4-939C-6871ADA9EB7E}.Debug|x64.Build.0 = Debug|Any CPU
		{B2D3C33E-6EEE-43A4-939C-6871ADA9EB7E}.Debug|x86.ActiveCfg = Debug|Any CPU
		{B2D3C33E-6EEE-43A4-939C-6871ADA9EB7E}.Debug|x86.Build.0 = Debug|Any CPU
		{B2D3C33E-6EEE-43A4-939C-6871ADA9EB7E}.Release|Any CPU.ActiveCfg = Release|Any CPU
		{B2D3C33E-6EEE-43A4-939C-6871ADA9EB7E}.Release|Any CPU.Build.0 = Release|Any CPU
		{B2D3C33E-6EEE-43A4-939C-6871ADA9EB7E}.Release|x64.ActiveCfg = Release|Any CPU
		{B2D3C33E-6EEE-43A4-939C-6871ADA9EB7E}.Release|x64.Build.0 = Release|Any CPU
		{B2D3C33E-6EEE-43A4-939C-6871ADA9EB7E}.Release|x86.ActiveCfg = Release|Any CPU
		{B2D3C33E-6EEE-43A4-939C-6871ADA9EB7E}.Release|x86.Build.0 = Release|Any CPU
		{AF094718-C224-435D-A438-D3999060803E}.Debug|Any CPU.ActiveCfg = Debug|Any CPU
		{AF094718-C224-435D-A438-D3999060803E}.Debug|Any CPU.Build.0 = Debug|Any CPU
		{AF094718-C224-435D-A438-D3999060803E}.Debug|x64.ActiveCfg = Debug|Any CPU
		{AF094718-C224-435D-A438-D3999060803E}.Debug|x64.Build.0 = Debug|Any CPU
		{AF094718-C224-435D-A438-D3999060803E}.Debug|x86.ActiveCfg = Debug|Any CPU
		{AF094718-C224-435D-A438-D3999060803E}.Debug|x86.Build.0 = Debug|Any CPU
		{AF094718-C224-435D-A438-D3999060803E}.Release|Any CPU.ActiveCfg = Release|Any CPU
		{AF094718-C224-435D-A438-D3999060803E}.Release|Any CPU.Build.0 = Release|Any CPU
		{AF094718-C224-435D-A438-D3999060803E}.Release|x64.ActiveCfg = Release|Any CPU
		{AF094718-C224-435D-A438-D3999060803E}.Release|x64.Build.0 = Release|Any CPU
		{AF094718-C224-435D-A438-D3999060803E}.Release|x86.ActiveCfg = Release|Any CPU
		{AF094718-C224-435D-A438-D3999060803E}.Release|x86.Build.0 = Release|Any CPU
		{62F73438-F5B6-4DB0-93AF-C9C8B15A8B85}.Debug|Any CPU.ActiveCfg = Debug|Any CPU
		{62F73438-F5B6-4DB0-93AF-C9C8B15A8B85}.Debug|Any CPU.Build.0 = Debug|Any CPU
		{62F73438-F5B6-4DB0-93AF-C9C8B15A8B85}.Debug|x64.ActiveCfg = Debug|Any CPU
		{62F73438-F5B6-4DB0-93AF-C9C8B15A8B85}.Debug|x64.Build.0 = Debug|Any CPU
		{62F73438-F5B6-4DB0-93AF-C9C8B15A8B85}.Debug|x86.ActiveCfg = Debug|Any CPU
		{62F73438-F5B6-4DB0-93AF-C9C8B15A8B85}.Debug|x86.Build.0 = Debug|Any CPU
		{62F73438-F5B6-4DB0-93AF-C9C8B15A8B85}.Release|Any CPU.ActiveCfg = Release|Any CPU
		{62F73438-F5B6-4DB0-93AF-C9C8B15A8B85}.Release|Any CPU.Build.0 = Release|Any CPU
		{62F73438-F5B6-4DB0-93AF-C9C8B15A8B85}.Release|x64.ActiveCfg = Release|Any CPU
		{62F73438-F5B6-4DB0-93AF-C9C8B15A8B85}.Release|x64.Build.0 = Release|Any CPU
		{62F73438-F5B6-4DB0-93AF-C9C8B15A8B85}.Release|x86.ActiveCfg = Release|Any CPU
		{62F73438-F5B6-4DB0-93AF-C9C8B15A8B85}.Release|x86.Build.0 = Release|Any CPU
		{5D950A53-9803-460C-9576-D90AAB7182E3}.Debug|Any CPU.ActiveCfg = Debug|Any CPU
		{5D950A53-9803-460C-9576-D90AAB7182E3}.Debug|Any CPU.Build.0 = Debug|Any CPU
		{5D950A53-9803-460C-9576-D90AAB7182E3}.Debug|x64.ActiveCfg = Debug|Any CPU
		{5D950A53-9803-460C-9576-D90AAB7182E3}.Debug|x64.Build.0 = Debug|Any CPU
		{5D950A53-9803-460C-9576-D90AAB7182E3}.Debug|x86.ActiveCfg = Debug|Any CPU
		{5D950A53-9803-460C-9576-D90AAB7182E3}.Debug|x86.Build.0 = Debug|Any CPU
		{5D950A53-9803-460C-9576-D90AAB7182E3}.Release|Any CPU.ActiveCfg = Release|Any CPU
		{5D950A53-9803-460C-9576-D90AAB7182E3}.Release|Any CPU.Build.0 = Release|Any CPU
		{5D950A53-9803-460C-9576-D90AAB7182E3}.Release|x64.ActiveCfg = Release|Any CPU
		{5D950A53-9803-460C-9576-D90AAB7182E3}.Release|x64.Build.0 = Release|Any CPU
		{5D950A53-9803-460C-9576-D90AAB7182E3}.Release|x86.ActiveCfg = Release|Any CPU
		{5D950A53-9803-460C-9576-D90AAB7182E3}.Release|x86.Build.0 = Release|Any CPU
		{529022C1-9C08-4FAB-BB12-9A65F964B571}.Debug|Any CPU.ActiveCfg = Debug|Any CPU
		{529022C1-9C08-4FAB-BB12-9A65F964B571}.Debug|Any CPU.Build.0 = Debug|Any CPU
		{529022C1-9C08-4FAB-BB12-9A65F964B571}.Debug|x64.ActiveCfg = Debug|Any CPU
		{529022C1-9C08-4FAB-BB12-9A65F964B571}.Debug|x64.Build.0 = Debug|Any CPU
		{529022C1-9C08-4FAB-BB12-9A65F964B571}.Debug|x86.ActiveCfg = Debug|Any CPU
		{529022C1-9C08-4FAB-BB12-9A65F964B571}.Debug|x86.Build.0 = Debug|Any CPU
		{529022C1-9C08-4FAB-BB12-9A65F964B571}.Release|Any CPU.ActiveCfg = Release|Any CPU
		{529022C1-9C08-4FAB-BB12-9A65F964B571}.Release|Any CPU.Build.0 = Release|Any CPU
		{529022C1-9C08-4FAB-BB12-9A65F964B571}.Release|x64.ActiveCfg = Release|Any CPU
		{529022C1-9C08-4FAB-BB12-9A65F964B571}.Release|x64.Build.0 = Release|Any CPU
		{529022C1-9C08-4FAB-BB12-9A65F964B571}.Release|x86.ActiveCfg = Release|Any CPU
		{529022C1-9C08-4FAB-BB12-9A65F964B571}.Release|x86.Build.0 = Release|Any CPU
		{481ADC19-1131-46B8-A441-3FE2FD0C67F0}.Debug|Any CPU.ActiveCfg = Debug|Any CPU
		{481ADC19-1131-46B8-A441-3FE2FD0C67F0}.Debug|Any CPU.Build.0 = Debug|Any CPU
		{481ADC19-1131-46B8-A441-3FE2FD0C67F0}.Debug|x64.ActiveCfg = Debug|Any CPU
		{481ADC19-1131-46B8-A441-3FE2FD0C67F0}.Debug|x64.Build.0 = Debug|Any CPU
		{481ADC19-1131-46B8-A441-3FE2FD0C67F0}.Debug|x86.ActiveCfg = Debug|Any CPU
		{481ADC19-1131-46B8-A441-3FE2FD0C67F0}.Debug|x86.Build.0 = Debug|Any CPU
		{481ADC19-1131-46B8-A441-3FE2FD0C67F0}.Release|Any CPU.ActiveCfg = Release|Any CPU
		{481ADC19-1131-46B8-A441-3FE2FD0C67F0}.Release|Any CPU.Build.0 = Release|Any CPU
		{481ADC19-1131-46B8-A441-3FE2FD0C67F0}.Release|x64.ActiveCfg = Release|Any CPU
		{481ADC19-1131-46B8-A441-3FE2FD0C67F0}.Release|x64.Build.0 = Release|Any CPU
		{481ADC19-1131-46B8-A441-3FE2FD0C67F0}.Release|x86.ActiveCfg = Release|Any CPU
		{481ADC19-1131-46B8-A441-3FE2FD0C67F0}.Release|x86.Build.0 = Release|Any CPU
		{8A40D671-56E9-4C8B-B0C3-F41F4BA6F7BE}.Debug|Any CPU.ActiveCfg = Debug|Any CPU
		{8A40D671-56E9-4C8B-B0C3-F41F4BA6F7BE}.Debug|Any CPU.Build.0 = Debug|Any CPU
		{8A40D671-56E9-4C8B-B0C3-F41F4BA6F7BE}.Debug|x64.ActiveCfg = Debug|Any CPU
		{8A40D671-56E9-4C8B-B0C3-F41F4BA6F7BE}.Debug|x64.Build.0 = Debug|Any CPU
		{8A40D671-56E9-4C8B-B0C3-F41F4BA6F7BE}.Debug|x86.ActiveCfg = Debug|Any CPU
		{8A40D671-56E9-4C8B-B0C3-F41F4BA6F7BE}.Debug|x86.Build.0 = Debug|Any CPU
		{8A40D671-56E9-4C8B-B0C3-F41F4BA6F7BE}.Release|Any CPU.ActiveCfg = Release|Any CPU
		{8A40D671-56E9-4C8B-B0C3-F41F4BA6F7BE}.Release|Any CPU.Build.0 = Release|Any CPU
		{8A40D671-56E9-4C8B-B0C3-F41F4BA6F7BE}.Release|x64.ActiveCfg = Release|Any CPU
		{8A40D671-56E9-4C8B-B0C3-F41F4BA6F7BE}.Release|x64.Build.0 = Release|Any CPU
		{8A40D671-56E9-4C8B-B0C3-F41F4BA6F7BE}.Release|x86.ActiveCfg = Release|Any CPU
		{8A40D671-56E9-4C8B-B0C3-F41F4BA6F7BE}.Release|x86.Build.0 = Release|Any CPU
		{6235071B-B1BF-4115-B434-38A7B0F74968}.Debug|Any CPU.ActiveCfg = Debug|Any CPU
		{6235071B-B1BF-4115-B434-38A7B0F74968}.Debug|Any CPU.Build.0 = Debug|Any CPU
		{6235071B-B1BF-4115-B434-38A7B0F74968}.Debug|x64.ActiveCfg = Debug|Any CPU
		{6235071B-B1BF-4115-B434-38A7B0F74968}.Debug|x64.Build.0 = Debug|Any CPU
		{6235071B-B1BF-4115-B434-38A7B0F74968}.Debug|x86.ActiveCfg = Debug|Any CPU
		{6235071B-B1BF-4115-B434-38A7B0F74968}.Debug|x86.Build.0 = Debug|Any CPU
		{6235071B-B1BF-4115-B434-38A7B0F74968}.Release|Any CPU.ActiveCfg = Release|Any CPU
		{6235071B-B1BF-4115-B434-38A7B0F74968}.Release|Any CPU.Build.0 = Release|Any CPU
		{6235071B-B1BF-4115-B434-38A7B0F74968}.Release|x64.ActiveCfg = Release|Any CPU
		{6235071B-B1BF-4115-B434-38A7B0F74968}.Release|x64.Build.0 = Release|Any CPU
		{6235071B-B1BF-4115-B434-38A7B0F74968}.Release|x86.ActiveCfg = Release|Any CPU
		{6235071B-B1BF-4115-B434-38A7B0F74968}.Release|x86.Build.0 = Release|Any CPU
		{B1317DB0-1C3F-4319-866D-22A4B1AD002B}.Debug|Any CPU.ActiveCfg = Debug|Any CPU
		{B1317DB0-1C3F-4319-866D-22A4B1AD002B}.Debug|Any CPU.Build.0 = Debug|Any CPU
		{B1317DB0-1C3F-4319-866D-22A4B1AD002B}.Debug|x64.ActiveCfg = Debug|Any CPU
		{B1317DB0-1C3F-4319-866D-22A4B1AD002B}.Debug|x64.Build.0 = Debug|Any CPU
		{B1317DB0-1C3F-4319-866D-22A4B1AD002B}.Debug|x86.ActiveCfg = Debug|Any CPU
		{B1317DB0-1C3F-4319-866D-22A4B1AD002B}.Debug|x86.Build.0 = Debug|Any CPU
		{B1317DB0-1C3F-4319-866D-22A4B1AD002B}.Release|Any CPU.ActiveCfg = Release|Any CPU
		{B1317DB0-1C3F-4319-866D-22A4B1AD002B}.Release|Any CPU.Build.0 = Release|Any CPU
		{B1317DB0-1C3F-4319-866D-22A4B1AD002B}.Release|x64.ActiveCfg = Release|Any CPU
		{B1317DB0-1C3F-4319-866D-22A4B1AD002B}.Release|x64.Build.0 = Release|Any CPU
		{B1317DB0-1C3F-4319-866D-22A4B1AD002B}.Release|x86.ActiveCfg = Release|Any CPU
		{B1317DB0-1C3F-4319-866D-22A4B1AD002B}.Release|x86.Build.0 = Release|Any CPU
		{3B3B37B1-9C4D-4053-9FEB-46F3CE1BBD3F}.Debug|Any CPU.ActiveCfg = Debug|Any CPU
		{3B3B37B1-9C4D-4053-9FEB-46F3CE1BBD3F}.Debug|Any CPU.Build.0 = Debug|Any CPU
		{3B3B37B1-9C4D-4053-9FEB-46F3CE1BBD3F}.Debug|x64.ActiveCfg = Debug|Any CPU
		{3B3B37B1-9C4D-4053-9FEB-46F3CE1BBD3F}.Debug|x64.Build.0 = Debug|Any CPU
		{3B3B37B1-9C4D-4053-9FEB-46F3CE1BBD3F}.Debug|x86.ActiveCfg = Debug|Any CPU
		{3B3B37B1-9C4D-4053-9FEB-46F3CE1BBD3F}.Debug|x86.Build.0 = Debug|Any CPU
		{3B3B37B1-9C4D-4053-9FEB-46F3CE1BBD3F}.Release|Any CPU.ActiveCfg = Release|Any CPU
		{3B3B37B1-9C4D-4053-9FEB-46F3CE1BBD3F}.Release|Any CPU.Build.0 = Release|Any CPU
		{3B3B37B1-9C4D-4053-9FEB-46F3CE1BBD3F}.Release|x64.ActiveCfg = Release|Any CPU
		{3B3B37B1-9C4D-4053-9FEB-46F3CE1BBD3F}.Release|x64.Build.0 = Release|Any CPU
		{3B3B37B1-9C4D-4053-9FEB-46F3CE1BBD3F}.Release|x86.ActiveCfg = Release|Any CPU
		{3B3B37B1-9C4D-4053-9FEB-46F3CE1BBD3F}.Release|x86.Build.0 = Release|Any CPU
		{B10ED0A6-9DB3-4C9F-8C96-7A169621A898}.Debug|Any CPU.ActiveCfg = Debug|Any CPU
		{B10ED0A6-9DB3-4C9F-8C96-7A169621A898}.Debug|Any CPU.Build.0 = Debug|Any CPU
		{B10ED0A6-9DB3-4C9F-8C96-7A169621A898}.Debug|x64.ActiveCfg = Debug|Any CPU
		{B10ED0A6-9DB3-4C9F-8C96-7A169621A898}.Debug|x64.Build.0 = Debug|Any CPU
		{B10ED0A6-9DB3-4C9F-8C96-7A169621A898}.Debug|x86.ActiveCfg = Debug|Any CPU
		{B10ED0A6-9DB3-4C9F-8C96-7A169621A898}.Debug|x86.Build.0 = Debug|Any CPU
		{B10ED0A6-9DB3-4C9F-8C96-7A169621A898}.Release|Any CPU.ActiveCfg = Release|Any CPU
		{B10ED0A6-9DB3-4C9F-8C96-7A169621A898}.Release|Any CPU.Build.0 = Release|Any CPU
		{B10ED0A6-9DB3-4C9F-8C96-7A169621A898}.Release|x64.ActiveCfg = Release|Any CPU
		{B10ED0A6-9DB3-4C9F-8C96-7A169621A898}.Release|x64.Build.0 = Release|Any CPU
		{B10ED0A6-9DB3-4C9F-8C96-7A169621A898}.Release|x86.ActiveCfg = Release|Any CPU
		{B10ED0A6-9DB3-4C9F-8C96-7A169621A898}.Release|x86.Build.0 = Release|Any CPU
		{F562E329-381E-4AD8-A8F0-6B5E625B99A7}.Debug|Any CPU.ActiveCfg = Debug|Any CPU
		{F562E329-381E-4AD8-A8F0-6B5E625B99A7}.Debug|Any CPU.Build.0 = Debug|Any CPU
		{F562E329-381E-4AD8-A8F0-6B5E625B99A7}.Debug|x64.ActiveCfg = Debug|Any CPU
		{F562E329-381E-4AD8-A8F0-6B5E625B99A7}.Debug|x64.Build.0 = Debug|Any CPU
		{F562E329-381E-4AD8-A8F0-6B5E625B99A7}.Debug|x86.ActiveCfg = Debug|Any CPU
		{F562E329-381E-4AD8-A8F0-6B5E625B99A7}.Debug|x86.Build.0 = Debug|Any CPU
		{F562E329-381E-4AD8-A8F0-6B5E625B99A7}.Release|Any CPU.ActiveCfg = Release|Any CPU
		{F562E329-381E-4AD8-A8F0-6B5E625B99A7}.Release|Any CPU.Build.0 = Release|Any CPU
		{F562E329-381E-4AD8-A8F0-6B5E625B99A7}.Release|x64.ActiveCfg = Release|Any CPU
		{F562E329-381E-4AD8-A8F0-6B5E625B99A7}.Release|x64.Build.0 = Release|Any CPU
		{F562E329-381E-4AD8-A8F0-6B5E625B99A7}.Release|x86.ActiveCfg = Release|Any CPU
		{F562E329-381E-4AD8-A8F0-6B5E625B99A7}.Release|x86.Build.0 = Release|Any CPU
		{1C679CDB-134F-410E-B790-9B3DF564DCD1}.Debug|Any CPU.ActiveCfg = Debug|Any CPU
		{1C679CDB-134F-410E-B790-9B3DF564DCD1}.Debug|Any CPU.Build.0 = Debug|Any CPU
		{1C679CDB-134F-410E-B790-9B3DF564DCD1}.Debug|x64.ActiveCfg = Debug|Any CPU
		{1C679CDB-134F-410E-B790-9B3DF564DCD1}.Debug|x64.Build.0 = Debug|Any CPU
		{1C679CDB-134F-410E-B790-9B3DF564DCD1}.Debug|x86.ActiveCfg = Debug|Any CPU
		{1C679CDB-134F-410E-B790-9B3DF564DCD1}.Debug|x86.Build.0 = Debug|Any CPU
		{1C679CDB-134F-410E-B790-9B3DF564DCD1}.Release|Any CPU.ActiveCfg = Release|Any CPU
		{1C679CDB-134F-410E-B790-9B3DF564DCD1}.Release|Any CPU.Build.0 = Release|Any CPU
		{1C679CDB-134F-410E-B790-9B3DF564DCD1}.Release|x64.ActiveCfg = Release|Any CPU
		{1C679CDB-134F-410E-B790-9B3DF564DCD1}.Release|x64.Build.0 = Release|Any CPU
		{1C679CDB-134F-410E-B790-9B3DF564DCD1}.Release|x86.ActiveCfg = Release|Any CPU
		{1C679CDB-134F-410E-B790-9B3DF564DCD1}.Release|x86.Build.0 = Release|Any CPU
		{4C1596D4-9E60-4085-A769-D96242D1D3C6}.Debug|Any CPU.ActiveCfg = Debug|Any CPU
		{4C1596D4-9E60-4085-A769-D96242D1D3C6}.Debug|Any CPU.Build.0 = Debug|Any CPU
		{4C1596D4-9E60-4085-A769-D96242D1D3C6}.Debug|x64.ActiveCfg = Debug|Any CPU
		{4C1596D4-9E60-4085-A769-D96242D1D3C6}.Debug|x64.Build.0 = Debug|Any CPU
		{4C1596D4-9E60-4085-A769-D96242D1D3C6}.Debug|x86.ActiveCfg = Debug|Any CPU
		{4C1596D4-9E60-4085-A769-D96242D1D3C6}.Debug|x86.Build.0 = Debug|Any CPU
		{4C1596D4-9E60-4085-A769-D96242D1D3C6}.Release|Any CPU.ActiveCfg = Release|Any CPU
		{4C1596D4-9E60-4085-A769-D96242D1D3C6}.Release|Any CPU.Build.0 = Release|Any CPU
		{4C1596D4-9E60-4085-A769-D96242D1D3C6}.Release|x64.ActiveCfg = Release|Any CPU
		{4C1596D4-9E60-4085-A769-D96242D1D3C6}.Release|x64.Build.0 = Release|Any CPU
		{4C1596D4-9E60-4085-A769-D96242D1D3C6}.Release|x86.ActiveCfg = Release|Any CPU
		{4C1596D4-9E60-4085-A769-D96242D1D3C6}.Release|x86.Build.0 = Release|Any CPU
		{F71DF9E6-21BA-44D6-93D2-8393D1E1E663}.Debug|Any CPU.ActiveCfg = Debug|Any CPU
		{F71DF9E6-21BA-44D6-93D2-8393D1E1E663}.Debug|Any CPU.Build.0 = Debug|Any CPU
		{F71DF9E6-21BA-44D6-93D2-8393D1E1E663}.Debug|x64.ActiveCfg = Debug|Any CPU
		{F71DF9E6-21BA-44D6-93D2-8393D1E1E663}.Debug|x64.Build.0 = Debug|Any CPU
		{F71DF9E6-21BA-44D6-93D2-8393D1E1E663}.Debug|x86.ActiveCfg = Debug|Any CPU
		{F71DF9E6-21BA-44D6-93D2-8393D1E1E663}.Debug|x86.Build.0 = Debug|Any CPU
		{F71DF9E6-21BA-44D6-93D2-8393D1E1E663}.Release|Any CPU.ActiveCfg = Release|Any CPU
		{F71DF9E6-21BA-44D6-93D2-8393D1E1E663}.Release|Any CPU.Build.0 = Release|Any CPU
		{F71DF9E6-21BA-44D6-93D2-8393D1E1E663}.Release|x64.ActiveCfg = Release|Any CPU
		{F71DF9E6-21BA-44D6-93D2-8393D1E1E663}.Release|x64.Build.0 = Release|Any CPU
		{F71DF9E6-21BA-44D6-93D2-8393D1E1E663}.Release|x86.ActiveCfg = Release|Any CPU
		{F71DF9E6-21BA-44D6-93D2-8393D1E1E663}.Release|x86.Build.0 = Release|Any CPU
		{5D88C289-91AA-445D-B5B2-8CC5C2AEDB1D}.Debug|Any CPU.ActiveCfg = Debug|Any CPU
		{5D88C289-91AA-445D-B5B2-8CC5C2AEDB1D}.Debug|Any CPU.Build.0 = Debug|Any CPU
		{5D88C289-91AA-445D-B5B2-8CC5C2AEDB1D}.Debug|x64.ActiveCfg = Debug|Any CPU
		{5D88C289-91AA-445D-B5B2-8CC5C2AEDB1D}.Debug|x64.Build.0 = Debug|Any CPU
		{5D88C289-91AA-445D-B5B2-8CC5C2AEDB1D}.Debug|x86.ActiveCfg = Debug|Any CPU
		{5D88C289-91AA-445D-B5B2-8CC5C2AEDB1D}.Debug|x86.Build.0 = Debug|Any CPU
		{5D88C289-91AA-445D-B5B2-8CC5C2AEDB1D}.Release|Any CPU.ActiveCfg = Release|Any CPU
		{5D88C289-91AA-445D-B5B2-8CC5C2AEDB1D}.Release|Any CPU.Build.0 = Release|Any CPU
		{5D88C289-91AA-445D-B5B2-8CC5C2AEDB1D}.Release|x64.ActiveCfg = Release|Any CPU
		{5D88C289-91AA-445D-B5B2-8CC5C2AEDB1D}.Release|x64.Build.0 = Release|Any CPU
		{5D88C289-91AA-445D-B5B2-8CC5C2AEDB1D}.Release|x86.ActiveCfg = Release|Any CPU
		{5D88C289-91AA-445D-B5B2-8CC5C2AEDB1D}.Release|x86.Build.0 = Release|Any CPU
		{5177567D-6339-4B5B-92FD-77EE08B3F757}.Debug|Any CPU.ActiveCfg = Debug|Any CPU
		{5177567D-6339-4B5B-92FD-77EE08B3F757}.Debug|Any CPU.Build.0 = Debug|Any CPU
		{5177567D-6339-4B5B-92FD-77EE08B3F757}.Debug|x64.ActiveCfg = Debug|Any CPU
		{5177567D-6339-4B5B-92FD-77EE08B3F757}.Debug|x64.Build.0 = Debug|Any CPU
		{5177567D-6339-4B5B-92FD-77EE08B3F757}.Debug|x86.ActiveCfg = Debug|Any CPU
		{5177567D-6339-4B5B-92FD-77EE08B3F757}.Debug|x86.Build.0 = Debug|Any CPU
		{5177567D-6339-4B5B-92FD-77EE08B3F757}.Release|Any CPU.ActiveCfg = Release|Any CPU
		{5177567D-6339-4B5B-92FD-77EE08B3F757}.Release|Any CPU.Build.0 = Release|Any CPU
		{5177567D-6339-4B5B-92FD-77EE08B3F757}.Release|x64.ActiveCfg = Release|Any CPU
		{5177567D-6339-4B5B-92FD-77EE08B3F757}.Release|x64.Build.0 = Release|Any CPU
		{5177567D-6339-4B5B-92FD-77EE08B3F757}.Release|x86.ActiveCfg = Release|Any CPU
		{5177567D-6339-4B5B-92FD-77EE08B3F757}.Release|x86.Build.0 = Release|Any CPU
	EndGlobalSection
	GlobalSection(SolutionProperties) = preSolution
		HideSolutionNode = FALSE
	EndGlobalSection
	GlobalSection(NestedProjects) = preSolution
		{540A6741-D41D-4C39-963A-CF618D38B351} = {2BE25C38-CAE0-4495-810B-5BB14024C824}
		{3D5869CB-0E23-40EB-A83E-2B84BE7E9889} = {540A6741-D41D-4C39-963A-CF618D38B351}
		{DE0DB8FB-9680-4F53-9668-0E83F54F42B0} = {540A6741-D41D-4C39-963A-CF618D38B351}
		{EB493115-3D4B-4E93-8F71-C4D6309239FF} = {2BE25C38-CAE0-4495-810B-5BB14024C824}
		{5928BDFA-315F-452C-B8C1-6218EE0F57A2} = {EB493115-3D4B-4E93-8F71-C4D6309239FF}
		{B2D3C33E-6EEE-43A4-939C-6871ADA9EB7E} = {EB493115-3D4B-4E93-8F71-C4D6309239FF}
		{F988CFA9-EE81-4C20-AE6A-AC9B69CAEEA7} = {2BE25C38-CAE0-4495-810B-5BB14024C824}
		{AF094718-C224-435D-A438-D3999060803E} = {F988CFA9-EE81-4C20-AE6A-AC9B69CAEEA7}
		{62F73438-F5B6-4DB0-93AF-C9C8B15A8B85} = {F988CFA9-EE81-4C20-AE6A-AC9B69CAEEA7}
		{26F03DA1-6329-401B-BC5E-23A4E68DD08C} = {2BE25C38-CAE0-4495-810B-5BB14024C824}
		{5D950A53-9803-460C-9576-D90AAB7182E3} = {26F03DA1-6329-401B-BC5E-23A4E68DD08C}
		{529022C1-9C08-4FAB-BB12-9A65F964B571} = {26F03DA1-6329-401B-BC5E-23A4E68DD08C}
		{7A467E41-8532-408F-923E-432F470C44EB} = {2BE25C38-CAE0-4495-810B-5BB14024C824}
		{481ADC19-1131-46B8-A441-3FE2FD0C67F0} = {7A467E41-8532-408F-923E-432F470C44EB}
		{8A40D671-56E9-4C8B-B0C3-F41F4BA6F7BE} = {7A467E41-8532-408F-923E-432F470C44EB}
		{6235071B-B1BF-4115-B434-38A7B0F74968} = {7A467E41-8532-408F-923E-432F470C44EB}
		{B1317DB0-1C3F-4319-866D-22A4B1AD002B} = {7A467E41-8532-408F-923E-432F470C44EB}
		{3B3B37B1-9C4D-4053-9FEB-46F3CE1BBD3F} = {7A467E41-8532-408F-923E-432F470C44EB}
		{AF0CC2E6-171F-6D06-D3B7-11D252CFB402} = {2BE25C38-CAE0-4495-810B-5BB14024C824}
		{B10ED0A6-9DB3-4C9F-8C96-7A169621A898} = {AF0CC2E6-171F-6D06-D3B7-11D252CFB402}
		{F562E329-381E-4AD8-A8F0-6B5E625B99A7} = {73B6EAB2-4D24-A47F-641B-BE2A30E0496E}
		{73B6EAB2-4D24-A47F-641B-BE2A30E0496E} = {2BE25C38-CAE0-4495-810B-5BB14024C824}
		{3BB438E9-0122-4C74-BA1F-A2584B9DEA92} = {2BE25C38-CAE0-4495-810B-5BB14024C824}
		{1C679CDB-134F-410E-B790-9B3DF564DCD1} = {3BB438E9-0122-4C74-BA1F-A2584B9DEA92}
		{4ADE4FCB-FCAC-44B3-BF5E-0631D4AFB16F} = {2BE25C38-CAE0-4495-810B-5BB14024C824}
		{4C1596D4-9E60-4085-A769-D96242D1D3C6} = {4ADE4FCB-FCAC-44B3-BF5E-0631D4AFB16F}
		{F71DF9E6-21BA-44D6-93D2-8393D1E1E663} = {7A467E41-8532-408F-923E-432F470C44EB}
		{B397060B-732A-4813-9BD6-59DAFEE01F2B} = {21666B80-203B-4CDB-B508-846741124FC1}
		{5D88C289-91AA-445D-B5B2-8CC5C2AEDB1D} = {B397060B-732A-4813-9BD6-59DAFEE01F2B}
		{A0987416-D498-4F3E-B753-74597522A047} = {21666B80-203B-4CDB-B508-846741124FC1}
		{5177567D-6339-4B5B-92FD-77EE08B3F757} = {A0987416-D498-4F3E-B753-74597522A047}
	EndGlobalSection
EndGlobal
